// !$*UTF8*$!
{
	archiveVersion = 1;
	classes = {
	};
	objectVersion = 46;
	objects = {

/* Begin PBXBuildFile section */
		614EA1BE1F7D97920091F762 /* AppDelegate.swift in Sources */ = {isa = PBXBuildFile; fileRef = 614EA1BD1F7D97920091F762 /* AppDelegate.swift */; };
		614EA1C51F7D97920091F762 /* Assets.xcassets in Resources */ = {isa = PBXBuildFile; fileRef = 614EA1C41F7D97920091F762 /* Assets.xcassets */; };
		6158BA081F8365D000C5485D /* MenuTableViewController.swift in Sources */ = {isa = PBXBuildFile; fileRef = 6158BA071F8365D000C5485D /* MenuTableViewController.swift */; };
		6158BA0E1F85671B00C5485D /* MenuTableViewCell.swift in Sources */ = {isa = PBXBuildFile; fileRef = 6158BA0B1F85671A00C5485D /* MenuTableViewCell.swift */; };
		6158BA0F1F85671B00C5485D /* MenuTableViewCell.xib in Resources */ = {isa = PBXBuildFile; fileRef = 6158BA0C1F85671A00C5485D /* MenuTableViewCell.xib */; };
		6158BA101F85671B00C5485D /* Menu.swift in Sources */ = {isa = PBXBuildFile; fileRef = 6158BA0D1F85671A00C5485D /* Menu.swift */; };
		6165AF1E1F7DAA2500537B71 /* Alamofire.framework in Frameworks */ = {isa = PBXBuildFile; fileRef = 6165AF1C1F7DAA2500537B71 /* Alamofire.framework */; settings = {ATTRIBUTES = (Required, ); }; };
		6165AF1F1F7DAA2500537B71 /* SwiftyJSON.framework in Frameworks */ = {isa = PBXBuildFile; fileRef = 6165AF1D1F7DAA2500537B71 /* SwiftyJSON.framework */; };
		61AE7B101F85A60A00583C23 /* APIKeys.swift in Sources */ = {isa = PBXBuildFile; fileRef = 61AE7B0F1F85A60A00583C23 /* APIKeys.swift */; };
		A30599C21F7F5CAE00BFC863 /* Constants.swift in Sources */ = {isa = PBXBuildFile; fileRef = A30599C11F7F5CAE00BFC863 /* Constants.swift */; };
		A30599C61F7F661000BFC863 /* Recipe.swift in Sources */ = {isa = PBXBuildFile; fileRef = A30599C51F7F661000BFC863 /* Recipe.swift */; };
		A32DA34D1F808B3E0077FA65 /* RecipeTableViewCell.swift in Sources */ = {isa = PBXBuildFile; fileRef = A32DA34B1F808B3E0077FA65 /* RecipeTableViewCell.swift */; };
		A32DA34E1F808B3E0077FA65 /* RecipeTableViewCell.xib in Resources */ = {isa = PBXBuildFile; fileRef = A32DA34C1F808B3E0077FA65 /* RecipeTableViewCell.xib */; };
		A36F2FFA1F86E0DD00529D1E /* DetailViewController.swift in Sources */ = {isa = PBXBuildFile; fileRef = A36F2FF91F86E0DD00529D1E /* DetailViewController.swift */; };
		A37835C61F89C50200F43A80 /* Yummly.swift in Sources */ = {isa = PBXBuildFile; fileRef = A37835C51F89C50200F43A80 /* Yummly.swift */; };
		A3B074E11F80984900CCC977 /* LaunchScreen.storyboard in Resources */ = {isa = PBXBuildFile; fileRef = A3B074DF1F80984800CCC977 /* LaunchScreen.storyboard */; };
		A3B074E21F80984900CCC977 /* Main.storyboard in Resources */ = {isa = PBXBuildFile; fileRef = A3B074E01F80984900CCC977 /* Main.storyboard */; };
		A3B1C4C91F8AB0BD006F9F76 /* Helpers.swift in Sources */ = {isa = PBXBuildFile; fileRef = A3B1C4C81F8AB0BD006F9F76 /* Helpers.swift */; };
		A3BED34D1F89978F004877B3 /* RecipeTableViewController.swift in Sources */ = {isa = PBXBuildFile; fileRef = A3BED34C1F89978F004877B3 /* RecipeTableViewController.swift */; };
/* End PBXBuildFile section */

/* Begin PBXFileReference section */
		614EA1BA1F7D97920091F762 /* PerfectMorning.app */ = {isa = PBXFileReference; explicitFileType = wrapper.application; includeInIndex = 0; path = PerfectMorning.app; sourceTree = BUILT_PRODUCTS_DIR; };
		614EA1BD1F7D97920091F762 /* AppDelegate.swift */ = {isa = PBXFileReference; lastKnownFileType = sourcecode.swift; path = AppDelegate.swift; sourceTree = "<group>"; };
		614EA1C41F7D97920091F762 /* Assets.xcassets */ = {isa = PBXFileReference; lastKnownFileType = folder.assetcatalog; path = Assets.xcassets; sourceTree = "<group>"; };
		614EA1C91F7D97920091F762 /* Info.plist */ = {isa = PBXFileReference; lastKnownFileType = text.plist.xml; path = Info.plist; sourceTree = "<group>"; };
		6158BA071F8365D000C5485D /* MenuTableViewController.swift */ = {isa = PBXFileReference; lastKnownFileType = sourcecode.swift; path = MenuTableViewController.swift; sourceTree = "<group>"; };
		6158BA0B1F85671A00C5485D /* MenuTableViewCell.swift */ = {isa = PBXFileReference; fileEncoding = 4; lastKnownFileType = sourcecode.swift; path = MenuTableViewCell.swift; sourceTree = "<group>"; };
		6158BA0C1F85671A00C5485D /* MenuTableViewCell.xib */ = {isa = PBXFileReference; fileEncoding = 4; lastKnownFileType = file.xib; path = MenuTableViewCell.xib; sourceTree = "<group>"; };
		6158BA0D1F85671A00C5485D /* Menu.swift */ = {isa = PBXFileReference; fileEncoding = 4; lastKnownFileType = sourcecode.swift; path = Menu.swift; sourceTree = "<group>"; };
		6165AF1C1F7DAA2500537B71 /* Alamofire.framework */ = {isa = PBXFileReference; lastKnownFileType = wrapper.framework; name = Alamofire.framework; path = Carthage/Build/iOS/Alamofire.framework; sourceTree = "<group>"; };
		6165AF1D1F7DAA2500537B71 /* SwiftyJSON.framework */ = {isa = PBXFileReference; lastKnownFileType = wrapper.framework; name = SwiftyJSON.framework; path = Carthage/Build/iOS/SwiftyJSON.framework; sourceTree = "<group>"; };
		61AE7B0F1F85A60A00583C23 /* APIKeys.swift */ = {isa = PBXFileReference; lastKnownFileType = sourcecode.swift; path = APIKeys.swift; sourceTree = "<group>"; };
		A30599C11F7F5CAE00BFC863 /* Constants.swift */ = {isa = PBXFileReference; lastKnownFileType = sourcecode.swift; path = Constants.swift; sourceTree = "<group>"; };
		A30599C51F7F661000BFC863 /* Recipe.swift */ = {isa = PBXFileReference; lastKnownFileType = sourcecode.swift; path = Recipe.swift; sourceTree = "<group>"; };
		A32DA34B1F808B3E0077FA65 /* RecipeTableViewCell.swift */ = {isa = PBXFileReference; lastKnownFileType = sourcecode.swift; path = RecipeTableViewCell.swift; sourceTree = "<group>"; };
		A32DA34C1F808B3E0077FA65 /* RecipeTableViewCell.xib */ = {isa = PBXFileReference; lastKnownFileType = file.xib; path = RecipeTableViewCell.xib; sourceTree = "<group>"; };
		A36F2FF91F86E0DD00529D1E /* DetailViewController.swift */ = {isa = PBXFileReference; fileEncoding = 4; lastKnownFileType = sourcecode.swift; path = DetailViewController.swift; sourceTree = "<group>"; };
		A37835C51F89C50200F43A80 /* Yummly.swift */ = {isa = PBXFileReference; fileEncoding = 4; lastKnownFileType = sourcecode.swift; path = Yummly.swift; sourceTree = "<group>"; };
		A3B074DF1F80984800CCC977 /* LaunchScreen.storyboard */ = {isa = PBXFileReference; fileEncoding = 4; lastKnownFileType = file.storyboard; path = LaunchScreen.storyboard; sourceTree = "<group>"; };
		A3B074E01F80984900CCC977 /* Main.storyboard */ = {isa = PBXFileReference; fileEncoding = 4; lastKnownFileType = file.storyboard; path = Main.storyboard; sourceTree = "<group>"; };
		A3B1C4C81F8AB0BD006F9F76 /* Helpers.swift */ = {isa = PBXFileReference; lastKnownFileType = sourcecode.swift; path = Helpers.swift; sourceTree = "<group>"; };
		A3BED34C1F89978F004877B3 /* RecipeTableViewController.swift */ = {isa = PBXFileReference; fileEncoding = 4; lastKnownFileType = sourcecode.swift; name = RecipeTableViewController.swift; path = PerfectMorning/RecipeTableViewController.swift; sourceTree = SOURCE_ROOT; };
/* End PBXFileReference section */

/* Begin PBXFrameworksBuildPhase section */
		614EA1B71F7D97920091F762 /* Frameworks */ = {
			isa = PBXFrameworksBuildPhase;
			buildActionMask = 2147483647;
			files = (
				6165AF1E1F7DAA2500537B71 /* Alamofire.framework in Frameworks */,
				6165AF1F1F7DAA2500537B71 /* SwiftyJSON.framework in Frameworks */,
			);
			runOnlyForDeploymentPostprocessing = 0;
		};
/* End PBXFrameworksBuildPhase section */

/* Begin PBXGroup section */
		614EA1B11F7D97920091F762 = {
			isa = PBXGroup;
			children = (
				614EA1BC1F7D97920091F762 /* PerfectMorning */,
				614EA1BB1F7D97920091F762 /* Products */,
				6165AF1B1F7DAA2500537B71 /* Frameworks */,
				A36F2FF61F86DEB100529D1E /* Recovered References */,
			);
			sourceTree = "<group>";
		};
		614EA1BB1F7D97920091F762 /* Products */ = {
			isa = PBXGroup;
			children = (
				614EA1BA1F7D97920091F762 /* PerfectMorning.app */,
			);
			name = Products;
			sourceTree = "<group>";
		};
		614EA1BC1F7D97920091F762 /* PerfectMorning */ = {
			isa = PBXGroup;
			children = (
				614EA1C41F7D97920091F762 /* Assets.xcassets */,
				61AE7B0F1F85A60A00583C23 /* APIKeys.swift */,
				614EA1BD1F7D97920091F762 /* AppDelegate.swift */,
				A30599C11F7F5CAE00BFC863 /* Constants.swift */,
				A36F2FFD1F89750200529D1E /* Controllers */,
				A3BED34E1F899C12004877B3 /* Helpers */,
				614EA1C91F7D97920091F762 /* Info.plist */,
				A36F2FFF1F89751B00529D1E /* Models */,
				A36F2FFE1F89751300529D1E /* Views */,
				A36F30001F89752300529D1E /* Storyboards */,
			);
			path = PerfectMorning;
			sourceTree = "<group>";
		};
		6165AF1B1F7DAA2500537B71 /* Frameworks */ = {
			isa = PBXGroup;
			children = (
				6165AF1C1F7DAA2500537B71 /* Alamofire.framework */,
				6165AF1D1F7DAA2500537B71 /* SwiftyJSON.framework */,
			);
			name = Frameworks;
			sourceTree = "<group>";
		};
		A36F2FF61F86DEB100529D1E /* Recovered References */ = {
			isa = PBXGroup;
			children = (
			);
			name = "Recovered References";
			sourceTree = "<group>";
		};
		A36F2FFD1F89750200529D1E /* Controllers */ = {
			isa = PBXGroup;
			children = (
				A3BED34C1F89978F004877B3 /* RecipeTableViewController.swift */,
				6158BA071F8365D000C5485D /* MenuTableViewController.swift */,
				A36F2FF91F86E0DD00529D1E /* DetailViewController.swift */,
			);
			path = Controllers;
			sourceTree = "<group>";
		};
		A36F2FFE1F89751300529D1E /* Views */ = {
			isa = PBXGroup;
			children = (
				A36F30011F8975A300529D1E /* Cells */,
			);
			path = Views;
			sourceTree = "<group>";
		};
		A36F2FFF1F89751B00529D1E /* Models */ = {
			isa = PBXGroup;
			children = (
				A37835C51F89C50200F43A80 /* Yummly.swift */,
				6158BA0D1F85671A00C5485D /* Menu.swift */,
				A30599C51F7F661000BFC863 /* Recipe.swift */,
			);
			path = Models;
			sourceTree = "<group>";
		};
		A36F30001F89752300529D1E /* Storyboards */ = {
			isa = PBXGroup;
			children = (
				A3B074DF1F80984800CCC977 /* LaunchScreen.storyboard */,
				A3B074E01F80984900CCC977 /* Main.storyboard */,
				A3BED34B1F8976C6004877B3 /* Xibs */,
			);
			path = Storyboards;
			sourceTree = "<group>";
		};
		A36F30011F8975A300529D1E /* Cells */ = {
			isa = PBXGroup;
			children = (
				6158BA0B1F85671A00C5485D /* MenuTableViewCell.swift */,
				A32DA34B1F808B3E0077FA65 /* RecipeTableViewCell.swift */,
			);
			path = Cells;
			sourceTree = "<group>";
		};
		A3BED34B1F8976C6004877B3 /* Xibs */ = {
			isa = PBXGroup;
			children = (
				6158BA0C1F85671A00C5485D /* MenuTableViewCell.xib */,
				A32DA34C1F808B3E0077FA65 /* RecipeTableViewCell.xib */,
			);
			path = Xibs;
			sourceTree = "<group>";
		};
		A3BED34E1F899C12004877B3 /* Helpers */ = {
			isa = PBXGroup;
			children = (
				A3B1C4C81F8AB0BD006F9F76 /* Helpers.swift */,
			);
			path = Helpers;
			sourceTree = "<group>";
		};
/* End PBXGroup section */

/* Begin PBXNativeTarget section */
		614EA1B91F7D97920091F762 /* PerfectMorning */ = {
			isa = PBXNativeTarget;
			buildConfigurationList = 614EA1CC1F7D97920091F762 /* Build configuration list for PBXNativeTarget "PerfectMorning" */;
			buildPhases = (
				614EA1B61F7D97920091F762 /* Sources */,
				614EA1B71F7D97920091F762 /* Frameworks */,
				614EA1B81F7D97920091F762 /* Resources */,
				6165AF201F7DAA4300537B71 /* ShellScript */,
			);
			buildRules = (
			);
			dependencies = (
			);
			name = PerfectMorning;
			productName = PerfectMorning;
			productReference = 614EA1BA1F7D97920091F762 /* PerfectMorning.app */;
			productType = "com.apple.product-type.application";
		};
/* End PBXNativeTarget section */

/* Begin PBXProject section */
		614EA1B21F7D97920091F762 /* Project object */ = {
			isa = PBXProject;
			attributes = {
				LastSwiftUpdateCheck = 0820;
				LastUpgradeCheck = 0820;
				ORGANIZATIONNAME = "岡田暁";
				TargetAttributes = {
					614EA1B91F7D97920091F762 = {
						CreatedOnToolsVersion = 8.2.1;
						ProvisioningStyle = Automatic;
					};
				};
			};
			buildConfigurationList = 614EA1B51F7D97920091F762 /* Build configuration list for PBXProject "PerfectMorning" */;
			compatibilityVersion = "Xcode 3.2";
			developmentRegion = English;
			hasScannedForEncodings = 0;
			knownRegions = (
				en,
				Base,
			);
			mainGroup = 614EA1B11F7D97920091F762;
			productRefGroup = 614EA1BB1F7D97920091F762 /* Products */;
			projectDirPath = "";
			projectRoot = "";
			targets = (
				614EA1B91F7D97920091F762 /* PerfectMorning */,
			);
		};
/* End PBXProject section */

/* Begin PBXResourcesBuildPhase section */
		614EA1B81F7D97920091F762 /* Resources */ = {
			isa = PBXResourcesBuildPhase;
			buildActionMask = 2147483647;
			files = (
				A3B074E11F80984900CCC977 /* LaunchScreen.storyboard in Resources */,
				614EA1C51F7D97920091F762 /* Assets.xcassets in Resources */,
				A32DA34E1F808B3E0077FA65 /* RecipeTableViewCell.xib in Resources */,
				6158BA0F1F85671B00C5485D /* MenuTableViewCell.xib in Resources */,
				A3B074E21F80984900CCC977 /* Main.storyboard in Resources */,
			);
			runOnlyForDeploymentPostprocessing = 0;
		};
/* End PBXResourcesBuildPhase section */

/* Begin PBXShellScriptBuildPhase section */
		6165AF201F7DAA4300537B71 /* ShellScript */ = {
			isa = PBXShellScriptBuildPhase;
			buildActionMask = 2147483647;
			files = (
			);
			inputPaths = (
				"$(SRCROOT)/Carthage/Build/iOS/Alamofire.framework",
				"$(SRCROOT)/Carthage/Build/iOS/SwiftyJSON.framework",
			);
			outputPaths = (
			);
			runOnlyForDeploymentPostprocessing = 0;
			shellPath = /bin/sh;
			shellScript = "/usr/local/bin/carthage copy-frameworks";
		};
/* End PBXShellScriptBuildPhase section */

/* Begin PBXSourcesBuildPhase section */
		614EA1B61F7D97920091F762 /* Sources */ = {
			isa = PBXSourcesBuildPhase;
			buildActionMask = 2147483647;
			files = (
				614EA1BE1F7D97920091F762 /* AppDelegate.swift in Sources */,
				6158BA0E1F85671B00C5485D /* MenuTableViewCell.swift in Sources */,
				61AE7B101F85A60A00583C23 /* APIKeys.swift in Sources */,
				A37835C61F89C50200F43A80 /* Yummly.swift in Sources */,
				6158BA081F8365D000C5485D /* MenuTableViewController.swift in Sources */,
				A3BED34D1F89978F004877B3 /* RecipeTableViewController.swift in Sources */,
				A30599C21F7F5CAE00BFC863 /* Constants.swift in Sources */,
				A3B1C4C91F8AB0BD006F9F76 /* Helpers.swift in Sources */,
				6158BA101F85671B00C5485D /* Menu.swift in Sources */,
				A36F2FFA1F86E0DD00529D1E /* DetailViewController.swift in Sources */,
				A32DA34D1F808B3E0077FA65 /* RecipeTableViewCell.swift in Sources */,
				A30599C61F7F661000BFC863 /* Recipe.swift in Sources */,
			);
			runOnlyForDeploymentPostprocessing = 0;
		};
/* End PBXSourcesBuildPhase section */

/* Begin XCBuildConfiguration section */
		614EA1CA1F7D97920091F762 /* Debug */ = {
			isa = XCBuildConfiguration;
			buildSettings = {
				ALWAYS_SEARCH_USER_PATHS = NO;
				CLANG_ANALYZER_NONNULL = YES;
				CLANG_CXX_LANGUAGE_STANDARD = "gnu++0x";
				CLANG_CXX_LIBRARY = "libc++";
				CLANG_ENABLE_MODULES = YES;
				CLANG_ENABLE_OBJC_ARC = YES;
				CLANG_WARN_BOOL_CONVERSION = YES;
				CLANG_WARN_CONSTANT_CONVERSION = YES;
				CLANG_WARN_DIRECT_OBJC_ISA_USAGE = YES_ERROR;
				CLANG_WARN_DOCUMENTATION_COMMENTS = YES;
				CLANG_WARN_EMPTY_BODY = YES;
				CLANG_WARN_ENUM_CONVERSION = YES;
				CLANG_WARN_INFINITE_RECURSION = YES;
				CLANG_WARN_INT_CONVERSION = YES;
				CLANG_WARN_OBJC_ROOT_CLASS = YES_ERROR;
				CLANG_WARN_SUSPICIOUS_MOVE = YES;
				CLANG_WARN_UNREACHABLE_CODE = YES;
				CLANG_WARN__DUPLICATE_METHOD_MATCH = YES;
				"CODE_SIGN_IDENTITY[sdk=iphoneos*]" = "iPhone Developer";
				COPY_PHASE_STRIP = NO;
				DEBUG_INFORMATION_FORMAT = dwarf;
				ENABLE_STRICT_OBJC_MSGSEND = YES;
				ENABLE_TESTABILITY = YES;
				GCC_C_LANGUAGE_STANDARD = gnu99;
				GCC_DYNAMIC_NO_PIC = NO;
				GCC_NO_COMMON_BLOCKS = YES;
				GCC_OPTIMIZATION_LEVEL = 0;
				GCC_PREPROCESSOR_DEFINITIONS = (
					"DEBUG=1",
					"$(inherited)",
				);
				GCC_WARN_64_TO_32_BIT_CONVERSION = YES;
				GCC_WARN_ABOUT_RETURN_TYPE = YES_ERROR;
				GCC_WARN_UNDECLARED_SELECTOR = YES;
				GCC_WARN_UNINITIALIZED_AUTOS = YES_AGGRESSIVE;
				GCC_WARN_UNUSED_FUNCTION = YES;
				GCC_WARN_UNUSED_VARIABLE = YES;
				IPHONEOS_DEPLOYMENT_TARGET = 10.2;
				MTL_ENABLE_DEBUG_INFO = YES;
				ONLY_ACTIVE_ARCH = YES;
				SDKROOT = iphoneos;
				SWIFT_ACTIVE_COMPILATION_CONDITIONS = DEBUG;
				SWIFT_OPTIMIZATION_LEVEL = "-Onone";
			};
			name = Debug;
		};
		614EA1CB1F7D97920091F762 /* Release */ = {
			isa = XCBuildConfiguration;
			buildSettings = {
				ALWAYS_SEARCH_USER_PATHS = NO;
				CLANG_ANALYZER_NONNULL = YES;
				CLANG_CXX_LANGUAGE_STANDARD = "gnu++0x";
				CLANG_CXX_LIBRARY = "libc++";
				CLANG_ENABLE_MODULES = YES;
				CLANG_ENABLE_OBJC_ARC = YES;
				CLANG_WARN_BOOL_CONVERSION = YES;
				CLANG_WARN_CONSTANT_CONVERSION = YES;
				CLANG_WARN_DIRECT_OBJC_ISA_USAGE = YES_ERROR;
				CLANG_WARN_DOCUMENTATION_COMMENTS = YES;
				CLANG_WARN_EMPTY_BODY = YES;
				CLANG_WARN_ENUM_CONVERSION = YES;
				CLANG_WARN_INFINITE_RECURSION = YES;
				CLANG_WARN_INT_CONVERSION = YES;
				CLANG_WARN_OBJC_ROOT_CLASS = YES_ERROR;
				CLANG_WARN_SUSPICIOUS_MOVE = YES;
				CLANG_WARN_UNREACHABLE_CODE = YES;
				CLANG_WARN__DUPLICATE_METHOD_MATCH = YES;
				"CODE_SIGN_IDENTITY[sdk=iphoneos*]" = "iPhone Developer";
				COPY_PHASE_STRIP = NO;
				DEBUG_INFORMATION_FORMAT = "dwarf-with-dsym";
				ENABLE_NS_ASSERTIONS = NO;
				ENABLE_STRICT_OBJC_MSGSEND = YES;
				GCC_C_LANGUAGE_STANDARD = gnu99;
				GCC_NO_COMMON_BLOCKS = YES;
				GCC_WARN_64_TO_32_BIT_CONVERSION = YES;
				GCC_WARN_ABOUT_RETURN_TYPE = YES_ERROR;
				GCC_WARN_UNDECLARED_SELECTOR = YES;
				GCC_WARN_UNINITIALIZED_AUTOS = YES_AGGRESSIVE;
				GCC_WARN_UNUSED_FUNCTION = YES;
				GCC_WARN_UNUSED_VARIABLE = YES;
				IPHONEOS_DEPLOYMENT_TARGET = 10.2;
				MTL_ENABLE_DEBUG_INFO = NO;
				SDKROOT = iphoneos;
				SWIFT_OPTIMIZATION_LEVEL = "-Owholemodule";
				VALIDATE_PRODUCT = YES;
			};
			name = Release;
		};
		614EA1CD1F7D97920091F762 /* Debug */ = {
			isa = XCBuildConfiguration;
			buildSettings = {
				ASSETCATALOG_COMPILER_APPICON_NAME = AppIcon;
				FRAMEWORK_SEARCH_PATHS = (
					"$(inherited)",
					"$(PROJECT_DIR)/Carthage/Build/iOS",
				);
				INFOPLIST_FILE = PerfectMorning/Info.plist;
				LD_RUNPATH_SEARCH_PATHS = "$(inherited) @executable_path/Frameworks";
				PRODUCT_BUNDLE_IDENTIFIER = aki.PerfectMorning;
				PRODUCT_NAME = "$(TARGET_NAME)";
				SWIFT_VERSION = 3.0;
			};
			name = Debug;
		};
		614EA1CE1F7D97920091F762 /* Release */ = {
			isa = XCBuildConfiguration;
			buildSettings = {
				ASSETCATALOG_COMPILER_APPICON_NAME = AppIcon;
				FRAMEWORK_SEARCH_PATHS = (
					"$(inherited)",
					"$(PROJECT_DIR)/Carthage/Build/iOS",
				);
				INFOPLIST_FILE = PerfectMorning/Info.plist;
				LD_RUNPATH_SEARCH_PATHS = "$(inherited) @executable_path/Frameworks";
				PRODUCT_BUNDLE_IDENTIFIER = aki.PerfectMorning;
				PRODUCT_NAME = "$(TARGET_NAME)";
				SWIFT_VERSION = 3.0;
			};
			name = Release;
		};
/* End XCBuildConfiguration section */

/* Begin XCConfigurationList section */
		614EA1B51F7D97920091F762 /* Build configuration list for PBXProject "PerfectMorning" */ = {
			isa = XCConfigurationList;
			buildConfigurations = (
				614EA1CA1F7D97920091F762 /* Debug */,
				614EA1CB1F7D97920091F762 /* Release */,
			);
			defaultConfigurationIsVisible = 0;
			defaultConfigurationName = Release;
		};
		614EA1CC1F7D97920091F762 /* Build configuration list for PBXNativeTarget "PerfectMorning" */ = {
			isa = XCConfigurationList;
			buildConfigurations = (
				614EA1CD1F7D97920091F762 /* Debug */,
				614EA1CE1F7D97920091F762 /* Release */,
			);
			defaultConfigurationIsVisible = 0;
			defaultConfigurationName = Release;
		};
/* End XCConfigurationList section */
	};
	rootObject = 614EA1B21F7D97920091F762 /* Project object */;
}
